
Microsoft Visual Studio Solution File, Format Version 12.00
# Visual Studio Version 17
VisualStudioVersion = 17.4.33213.308
MinimumVisualStudioVersion = 10.0.40219.1
Project("{8BC9CEB8-8B4A-11D0-8D11-00A0C91BC942}") = "BTX", "BTX\BTX.vcxproj", "{A674A8B3-D3A4-4F6A-B904-6DD1F6E6F725}"
EndProject
Project("{2150E333-8FDC-42A3-9474-1A3956D46DE8}") = "Framework", "Framework", "{DDE67CFB-F4BF-45A1-8A81-169E9989D516}"
EndProject
Project("{2150E333-8FDC-42A3-9474-1A3956D46DE8}") = "Misc", "Misc", "{0EB9F323-4A62-41FF-8BD1-A0537278B0F2}"
EndProject
Project("{2150E333-8FDC-42A3-9474-1A3956D46DE8}") = "Class", "Class", "{1B431B5C-2C15-4F4D-9452-CF92F054A1ED}"
EndProject
Project("{8BC9CEB8-8B4A-11D0-8D11-00A0C91BC942}") = "C01_OpenGL", "C01_OpenGL\C01_OpenGL.vcxproj", "{FA12657D-D8A0-41F5-8FB0-D1031C586229}"
EndProject
Project("{2150E333-8FDC-42A3-9474-1A3956D46DE8}") = "Homework", "Homework", "{4C2ECE37-DEE4-482D-ACDE-69E48FE5C512}"
EndProject
Project("{2150E333-8FDC-42A3-9474-1A3956D46DE8}") = "Exercises", "Exercises", "{86AAB188-8116-48FF-8BEF-CAB54B4AB43F}"
EndProject
Project("{8BC9CEB8-8B4A-11D0-8D11-00A0C91BC942}") = "C02A_SFML", "C02A_SFML\C02A_SFML.vcxproj", "{FC236736-76AC-40A9-BFEF-3ECB6DB084C8}"
EndProject
Project("{8BC9CEB8-8B4A-11D0-8D11-00A0C91BC942}") = "C02B_ClassStructure", "C02B_ClassStructure\C02B_ClassStructure.vcxproj", "{0A97ECD7-0580-4FCF-9FA0-C406EAC3642B}"
EndProject
Project("{8BC9CEB8-8B4A-11D0-8D11-00A0C91BC942}") = "C02C_Framework", "C02C_Framework\C02C_Framework.vcxproj", "{E46C7A77-C962-4B50-A284-335DA30C5257}"
	ProjectSection(ProjectDependencies) = postProject
		{A674A8B3-D3A4-4F6A-B904-6DD1F6E6F725} = {A674A8B3-D3A4-4F6A-B904-6DD1F6E6F725}
	EndProjectSection
EndProject
Project("{8BC9CEB8-8B4A-11D0-8D11-00A0C91BC942}") = "E02_Configuration", "E02_Configuration\E02_Configuration.vcxproj", "{EF9B5E00-F5D5-4EA6-9B4C-8C8149983517}"
EndProject
Project("{8BC9CEB8-8B4A-11D0-8D11-00A0C91BC942}") = "E02s_Configuration", "E02s_Configuration\E02s_Configuration.vcxproj", "{EB4EFF92-BCF0-4EFA-8627-E6A734432D48}"
EndProject
Project("{8BC9CEB8-8B4A-11D0-8D11-00A0C91BC942}") = "E03_LERP", "E03_LERP\E03_LERP.vcxproj", "{B6CF8B43-C43C-47BA-90E1-37EC6CFE55E7}"
	ProjectSection(ProjectDependencies) = postProject
		{A674A8B3-D3A4-4F6A-B904-6DD1F6E6F725} = {A674A8B3-D3A4-4F6A-B904-6DD1F6E6F725}
	EndProjectSection
EndProject
Project("{8BC9CEB8-8B4A-11D0-8D11-00A0C91BC942}") = "E03s_LERP", "E03s_LERP\E03s_LERP.vcxproj", "{48D6CADA-6217-4916-AD17-63B8A4C9C148}"
	ProjectSection(ProjectDependencies) = postProject
		{A674A8B3-D3A4-4F6A-B904-6DD1F6E6F725} = {A674A8B3-D3A4-4F6A-B904-6DD1F6E6F725}
	EndProjectSection
EndProject
Project("{8BC9CEB8-8B4A-11D0-8D11-00A0C91BC942}") = "E04s_CircleCreation", "E04s_CircleCreation\E04s_CircleCreation.vcxproj", "{5A72A3FE-A1F4-41B2-9536-C6AB5799239A}"
	ProjectSection(ProjectDependencies) = postProject
		{A674A8B3-D3A4-4F6A-B904-6DD1F6E6F725} = {A674A8B3-D3A4-4F6A-B904-6DD1F6E6F725}
	EndProjectSection
EndProject
Project("{8BC9CEB8-8B4A-11D0-8D11-00A0C91BC942}") = "E04_CircleCreation", "E04_CircleCreation\E04_CircleCreation.vcxproj", "{83AB0DD1-74D5-42E7-85D2-9230D8808B86}"
	ProjectSection(ProjectDependencies) = postProject
		{A674A8B3-D3A4-4F6A-B904-6DD1F6E6F725} = {A674A8B3-D3A4-4F6A-B904-6DD1F6E6F725}
	EndProjectSection
EndProject
Project("{8BC9CEB8-8B4A-11D0-8D11-00A0C91BC942}") = "E05s_ConcentricCircles", "E05s_ConcentricCircles\E05s_ConcentricCircles.vcxproj", "{C650103F-B106-463E-86F1-244C0EDBAA3F}"
	ProjectSection(ProjectDependencies) = postProject
		{A674A8B3-D3A4-4F6A-B904-6DD1F6E6F725} = {A674A8B3-D3A4-4F6A-B904-6DD1F6E6F725}
	EndProjectSection
EndProject
Project("{8BC9CEB8-8B4A-11D0-8D11-00A0C91BC942}") = "E05_ConcentricCircles", "E05_ConcentricCircles\E05_ConcentricCircles.vcxproj", "{66A83499-3193-4CA2-ADD3-7696ED6BAD0A}"
	ProjectSection(ProjectDependencies) = postProject
		{A674A8B3-D3A4-4F6A-B904-6DD1F6E6F725} = {A674A8B3-D3A4-4F6A-B904-6DD1F6E6F725}
	EndProjectSection
EndProject
Project("{8BC9CEB8-8B4A-11D0-8D11-00A0C91BC942}") = "HW02_3DPrimitives", "HW02_3DPrimitives\HW02_3DPrimitives.vcxproj", "{7EDBEED8-75ED-48EE-9F13-5D4A895E8F1B}"
	ProjectSection(ProjectDependencies) = postProject
		{A674A8B3-D3A4-4F6A-B904-6DD1F6E6F725} = {A674A8B3-D3A4-4F6A-B904-6DD1F6E6F725}
	EndProjectSection
EndProject
Project("{8BC9CEB8-8B4A-11D0-8D11-00A0C91BC942}") = "C06B_SLERP_Pt1", "C06B_SLERP_Pt1\C06B_SLERP_Pt1.vcxproj", "{727F318B-4763-4342-ABBB-C67641D8FE4E}"
	ProjectSection(ProjectDependencies) = postProject
		{A674A8B3-D3A4-4F6A-B904-6DD1F6E6F725} = {A674A8B3-D3A4-4F6A-B904-6DD1F6E6F725}
	EndProjectSection
EndProject
Project("{8BC9CEB8-8B4A-11D0-8D11-00A0C91BC942}") = "C06B_SLERP_Pt2", "C06B_SLERP_Pt2\C06B_SLERP_Pt2.vcxproj", "{AD76B662-C255-4CFE-9229-DF58E7BFFAFD}"
	ProjectSection(ProjectDependencies) = postProject
		{A674A8B3-D3A4-4F6A-B904-6DD1F6E6F725} = {A674A8B3-D3A4-4F6A-B904-6DD1F6E6F725}
	EndProjectSection
EndProject
Project("{8BC9CEB8-8B4A-11D0-8D11-00A0C91BC942}") = "C03A_TranslationAndScale_Pt1", "C03A_TranslationAndScale_Pt1\C03A_TranslationAndScale_Pt1.vcxproj", "{D8E23560-A95A-4900-A54A-283CD3245D56}"
	ProjectSection(ProjectDependencies) = postProject
		{A674A8B3-D3A4-4F6A-B904-6DD1F6E6F725} = {A674A8B3-D3A4-4F6A-B904-6DD1F6E6F725}
	EndProjectSection
EndProject
Project("{8BC9CEB8-8B4A-11D0-8D11-00A0C91BC942}") = "C03A_TranslationAndScale_Pt2", "C03A_TranslationAndScale_Pt2\C03A_TranslationAndScale_Pt2.vcxproj", "{9C1C29E0-8610-4F8F-AD01-67BCAE384432}"
	ProjectSection(ProjectDependencies) = postProject
		{A674A8B3-D3A4-4F6A-B904-6DD1F6E6F725} = {A674A8B3-D3A4-4F6A-B904-6DD1F6E6F725}
	EndProjectSection
EndProject
Project("{8BC9CEB8-8B4A-11D0-8D11-00A0C91BC942}") = "C03A_TranslationAndScale_Pt3", "C03A_TranslationAndScale_Pt3\C03A_TranslationAndScale_Pt3.vcxproj", "{061E1860-8924-4CC2-B419-FA41BA6E87FD}"
	ProjectSection(ProjectDependencies) = postProject
		{A674A8B3-D3A4-4F6A-B904-6DD1F6E6F725} = {A674A8B3-D3A4-4F6A-B904-6DD1F6E6F725}
	EndProjectSection
EndProject
Project("{8BC9CEB8-8B4A-11D0-8D11-00A0C91BC942}") = "C03A_TranslationAndScale_Pt4", "C03A_TranslationAndScale_Pt4\C03A_TranslationAndScale_Pt4.vcxproj", "{D5AE5ECD-E0DF-4AA9-AABD-4A1251B4E737}"
	ProjectSection(ProjectDependencies) = postProject
		{A674A8B3-D3A4-4F6A-B904-6DD1F6E6F725} = {A674A8B3-D3A4-4F6A-B904-6DD1F6E6F725}
	EndProjectSection
EndProject
Project("{8BC9CEB8-8B4A-11D0-8D11-00A0C91BC942}") = "C03B_LERP", "C03B_LERP\C03B_LERP.vcxproj", "{B746CCB1-1A5E-4E50-816B-C3A37860DD3D}"
	ProjectSection(ProjectDependencies) = postProject
		{A674A8B3-D3A4-4F6A-B904-6DD1F6E6F725} = {A674A8B3-D3A4-4F6A-B904-6DD1F6E6F725}
	EndProjectSection
EndProject
Project("{8BC9CEB8-8B4A-11D0-8D11-00A0C91BC942}") = "C04A_MeshClass_Pt1", "C04A_MeshClass_Pt1\C04A_MeshClass_Pt1.vcxproj", "{1BFF6BFB-D00D-4F96-B020-D7C425E8F7B3}"
	ProjectSection(ProjectDependencies) = postProject
		{A674A8B3-D3A4-4F6A-B904-6DD1F6E6F725} = {A674A8B3-D3A4-4F6A-B904-6DD1F6E6F725}
	EndProjectSection
EndProject
Project("{8BC9CEB8-8B4A-11D0-8D11-00A0C91BC942}") = "C04A_MeshClass_Pt2", "C04A_MeshClass_Pt2\C04A_MeshClass_Pt2.vcxproj", "{98333490-40F1-4CFC-8CAF-7530E453A4DA}"
	ProjectSection(ProjectDependencies) = postProject
		{A674A8B3-D3A4-4F6A-B904-6DD1F6E6F725} = {A674A8B3-D3A4-4F6A-B904-6DD1F6E6F725}
	EndProjectSection
EndProject
Project("{8BC9CEB8-8B4A-11D0-8D11-00A0C91BC942}") = "C04A_MeshClass_Pt3", "C04A_MeshClass_Pt3\C04A_MeshClass_Pt3.vcxproj", "{263BA301-4346-4B29-B75C-2EE5AAD4623A}"
	ProjectSection(ProjectDependencies) = postProject
		{A674A8B3-D3A4-4F6A-B904-6DD1F6E6F725} = {A674A8B3-D3A4-4F6A-B904-6DD1F6E6F725}
	EndProjectSection
EndProject
Project("{8BC9CEB8-8B4A-11D0-8D11-00A0C91BC942}") = "C04A_MeshClass_Pt4", "C04A_MeshClass_Pt4\C04A_MeshClass_Pt4.vcxproj", "{5B59F085-E1A3-4C77-9F20-093E6960828A}"
	ProjectSection(ProjectDependencies) = postProject
		{A674A8B3-D3A4-4F6A-B904-6DD1F6E6F725} = {A674A8B3-D3A4-4F6A-B904-6DD1F6E6F725}
	EndProjectSection
EndProject
Project("{8BC9CEB8-8B4A-11D0-8D11-00A0C91BC942}") = "C05A_RotateObjects_Pt1", "C05A_RotateObjects_Pt1\C05A_RotateObjects_Pt1.vcxproj", "{A0E267DE-259A-4E3D-AA3E-8F467A324742}"
	ProjectSection(ProjectDependencies) = postProject
		{A674A8B3-D3A4-4F6A-B904-6DD1F6E6F725} = {A674A8B3-D3A4-4F6A-B904-6DD1F6E6F725}
	EndProjectSection
EndProject
Project("{8BC9CEB8-8B4A-11D0-8D11-00A0C91BC942}") = "C05A_RotateObjects_Pt2", "C05A_RotateObjects_Pt2\C05A_RotateObjects_Pt2.vcxproj", "{1E343B91-1FF2-4B25-9933-4196E72728B9}"
	ProjectSection(ProjectDependencies) = postProject
		{A674A8B3-D3A4-4F6A-B904-6DD1F6E6F725} = {A674A8B3-D3A4-4F6A-B904-6DD1F6E6F725}
	EndProjectSection
EndProject
Project("{8BC9CEB8-8B4A-11D0-8D11-00A0C91BC942}") = "C05B_RotatePointClouds_Pt1", "C05B_RotatePointClouds_Pt1\C05B_RotatePointClouds_Pt1.vcxproj", "{2FB1D1D3-8A18-4F14-81DF-9FB74A8C6B0E}"
	ProjectSection(ProjectDependencies) = postProject
		{A674A8B3-D3A4-4F6A-B904-6DD1F6E6F725} = {A674A8B3-D3A4-4F6A-B904-6DD1F6E6F725}
	EndProjectSection
EndProject
Project("{8BC9CEB8-8B4A-11D0-8D11-00A0C91BC942}") = "C06A_Quaternions_Pt1", "C06A_Quaternions_Pt1\C06A_Quaternions_Pt1.vcxproj", "{C6F32713-AA2D-4BEA-BD1D-4CEE085DE74B}"
	ProjectSection(ProjectDependencies) = postProject
		{A674A8B3-D3A4-4F6A-B904-6DD1F6E6F725} = {A674A8B3-D3A4-4F6A-B904-6DD1F6E6F725}
	EndProjectSection
EndProject
Project("{8BC9CEB8-8B4A-11D0-8D11-00A0C91BC942}") = "C05B_RotatePointClouds_Pt2", "C05B_RotatePointClouds_Pt2\C05B_RotatePointClouds_Pt2.vcxproj", "{6D0989C5-1CB4-4452-BB1C-FFA04CFE9586}"
	ProjectSection(ProjectDependencies) = postProject
		{A674A8B3-D3A4-4F6A-B904-6DD1F6E6F725} = {A674A8B3-D3A4-4F6A-B904-6DD1F6E6F725}
	EndProjectSection
EndProject
Project("{8BC9CEB8-8B4A-11D0-8D11-00A0C91BC942}") = "C06A_Quaternions_Pt2", "C06A_Quaternions_Pt2\C06A_Quaternions_Pt2.vcxproj", "{43402CC6-B0E7-43D8-8DF3-9FD9E13FA148}"
	ProjectSection(ProjectDependencies) = postProject
		{A674A8B3-D3A4-4F6A-B904-6DD1F6E6F725} = {A674A8B3-D3A4-4F6A-B904-6DD1F6E6F725}
	EndProjectSection
EndProject
Project("{8BC9CEB8-8B4A-11D0-8D11-00A0C91BC942}") = "E06s_RotateByQuaternion", "E06s_RotateByQuaternion\E06s_RotateByQuaternion.vcxproj", "{54406AC3-0D84-4564-9C24-48C5634A2D76}"
	ProjectSection(ProjectDependencies) = postProject
		{A674A8B3-D3A4-4F6A-B904-6DD1F6E6F725} = {A674A8B3-D3A4-4F6A-B904-6DD1F6E6F725}
	EndProjectSection
EndProject
Project("{8BC9CEB8-8B4A-11D0-8D11-00A0C91BC942}") = "E06_RotateByQuaternion", "E06_RotateByQuaternion\E06_RotateByQuaternion.vcxproj", "{3A24BA02-A2B8-42AF-9FE5-74CE09710757}"
	ProjectSection(ProjectDependencies) = postProject
		{A674A8B3-D3A4-4F6A-B904-6DD1F6E6F725} = {A674A8B3-D3A4-4F6A-B904-6DD1F6E6F725}
	EndProjectSection
EndProject
Project("{2150E333-8FDC-42A3-9474-1A3956D46DE8}") = "Past Exams", "Past Exams", "{C355AE28-2EAA-435C-A1A0-0211B1C621EE}"
EndProject
Project("{2150E333-8FDC-42A3-9474-1A3956D46DE8}") = "D01 - OpenGL", "D01 - OpenGL", "{32B98D9B-90DE-400C-BECD-5D3C8B70DA64}"
EndProject
Project("{2150E333-8FDC-42A3-9474-1A3956D46DE8}") = "D02 - Framework", "D02 - Framework", "{50C046B1-26B9-421E-9D0D-F1DD70C641D7}"
EndProject
Project("{2150E333-8FDC-42A3-9474-1A3956D46DE8}") = "D03 - Transformations", "D03 - Transformations", "{C1E7C3DD-4C34-4D7D-85B6-B42165E641E6}"
EndProject
Project("{2150E333-8FDC-42A3-9474-1A3956D46DE8}") = "D04 - Mesh Class", "D04 - Mesh Class", "{9337B389-DD5A-4531-894A-DD21688D95C3}"
EndProject
Project("{2150E333-8FDC-42A3-9474-1A3956D46DE8}") = "D05 - Rotations", "D05 - Rotations", "{76C214D7-3D6D-41DD-9AB3-FCDA5C6DB05F}"
EndProject
Project("{2150E333-8FDC-42A3-9474-1A3956D46DE8}") = "D06 - Quaternions", "D06 - Quaternions", "{00ADDF49-649E-4B4E-A922-C953A58185A6}"
EndProject
Project("{2150E333-8FDC-42A3-9474-1A3956D46DE8}") = "D07 - View", "D07 - View", "{871A38A8-C5CF-4A51-8AB5-1AB2B45B852E}"
EndProject
Project("{8BC9CEB8-8B4A-11D0-8D11-00A0C91BC942}") = "C07A_Instancing_Pt2", "C07A_Instancing_Pt2\C07A_Instancing_Pt2.vcxproj", "{42A9662D-BE84-4C33-9424-63B0F9708E47}"
	ProjectSection(ProjectDependencies) = postProject
		{A674A8B3-D3A4-4F6A-B904-6DD1F6E6F725} = {A674A8B3-D3A4-4F6A-B904-6DD1F6E6F725}
	EndProjectSection
EndProject
Project("{8BC9CEB8-8B4A-11D0-8D11-00A0C91BC942}") = "C07A_Instancing_Pt1", "C07A_Instancing_Pt1\C07A_Instancing_Pt1.vcxproj", "{5F339F92-9137-49F5-9908-E73222440399}"
	ProjectSection(ProjectDependencies) = postProject
		{A674A8B3-D3A4-4F6A-B904-6DD1F6E6F725} = {A674A8B3-D3A4-4F6A-B904-6DD1F6E6F725}
	EndProjectSection
EndProject
Project("{8BC9CEB8-8B4A-11D0-8D11-00A0C91BC942}") = "C07A_Instancing_Pt3", "C07A_Instancing_Pt3\C07A_Instancing_Pt3.vcxproj", "{F1BA9A66-C0A6-4BC5-84B2-48FEEE467E7F}"
	ProjectSection(ProjectDependencies) = postProject
		{A674A8B3-D3A4-4F6A-B904-6DD1F6E6F725} = {A674A8B3-D3A4-4F6A-B904-6DD1F6E6F725}
	EndProjectSection
EndProject
Project("{8BC9CEB8-8B4A-11D0-8D11-00A0C91BC942}") = "E07s_ViewMatrix", "E07s_ViewMatrix\E07s_ViewMatrix.vcxproj", "{9A74D1E3-B8C3-4DF6-B077-6E04AA08813F}"
	ProjectSection(ProjectDependencies) = postProject
		{A674A8B3-D3A4-4F6A-B904-6DD1F6E6F725} = {A674A8B3-D3A4-4F6A-B904-6DD1F6E6F725}
	EndProjectSection
EndProject
Project("{8BC9CEB8-8B4A-11D0-8D11-00A0C91BC942}") = "E07_ViewMatrix", "E07_ViewMatrix\E07_ViewMatrix.vcxproj", "{A89D2724-45E7-4585-A2E7-07C82DC69ABC}"
	ProjectSection(ProjectDependencies) = postProject
		{A674A8B3-D3A4-4F6A-B904-6DD1F6E6F725} = {A674A8B3-D3A4-4F6A-B904-6DD1F6E6F725}
	EndProjectSection
EndProject
Project("{8BC9CEB8-8B4A-11D0-8D11-00A0C91BC942}") = "E08s_ProjectionMatrix", "E08s_ProjectionMatrix\E08s_ProjectionMatrix.vcxproj", "{5F855E54-1E3C-4F12-B846-4287AF90C503}"
	ProjectSection(ProjectDependencies) = postProject
		{A674A8B3-D3A4-4F6A-B904-6DD1F6E6F725} = {A674A8B3-D3A4-4F6A-B904-6DD1F6E6F725}
	EndProjectSection
EndProject
Project("{8BC9CEB8-8B4A-11D0-8D11-00A0C91BC942}") = "E08_ProjectionMatrix", "E08_ProjectionMatrix\E08_ProjectionMatrix.vcxproj", "{5DF375F8-3ED2-46A8-931E-07A1140BC3DE}"
	ProjectSection(ProjectDependencies) = postProject
		{A674A8B3-D3A4-4F6A-B904-6DD1F6E6F725} = {A674A8B3-D3A4-4F6A-B904-6DD1F6E6F725}
	EndProjectSection
EndProject
Project("{2150E333-8FDC-42A3-9474-1A3956D46DE8}") = "D08 - Projection", "D08 - Projection", "{5D697A64-124D-4417-B99C-4BD66B8BB690}"
EndProject
Project("{8BC9CEB8-8B4A-11D0-8D11-00A0C91BC942}") = "C07B_View_Pt1", "C07B_View_Pt1\C07B_View_Pt1.vcxproj", "{FC55E2F8-9849-4610-8765-3D29D80FF78C}"
	ProjectSection(ProjectDependencies) = postProject
		{A674A8B3-D3A4-4F6A-B904-6DD1F6E6F725} = {A674A8B3-D3A4-4F6A-B904-6DD1F6E6F725}
	EndProjectSection
EndProject
Project("{8BC9CEB8-8B4A-11D0-8D11-00A0C91BC942}") = "C07B_View_Pt2", "C07B_View_Pt2\C07B_View_Pt2.vcxproj", "{14AF6316-5452-4B47-8122-F517B961CE39}"
	ProjectSection(ProjectDependencies) = postProject
		{A674A8B3-D3A4-4F6A-B904-6DD1F6E6F725} = {A674A8B3-D3A4-4F6A-B904-6DD1F6E6F725}
	EndProjectSection
EndProject
Project("{8BC9CEB8-8B4A-11D0-8D11-00A0C91BC942}") = "C08A_Projection_Pt1", "C08A_Projection_Pt1\C08A_Projection_Pt1.vcxproj", "{879C6C76-4C7F-446C-838E-676EE8B1A624}"
	ProjectSection(ProjectDependencies) = postProject
		{A674A8B3-D3A4-4F6A-B904-6DD1F6E6F725} = {A674A8B3-D3A4-4F6A-B904-6DD1F6E6F725}
	EndProjectSection
EndProject
Project("{8BC9CEB8-8B4A-11D0-8D11-00A0C91BC942}") = "C08A_Projection_Pt2", "C08A_Projection_Pt2\C08A_Projection_Pt2.vcxproj", "{E90E011C-77EA-45C2-80CE-C4D1F26ECD61}"
	ProjectSection(ProjectDependencies) = postProject
		{A674A8B3-D3A4-4F6A-B904-6DD1F6E6F725} = {A674A8B3-D3A4-4F6A-B904-6DD1F6E6F725}
	EndProjectSection
EndProject
Project("{8BC9CEB8-8B4A-11D0-8D11-00A0C91BC942}") = "EX01A_OrientedLerpingStar", "EX01A_OrientedLerpingStar\EX01A_OrientedLerpingStar.vcxproj", "{065984F5-C5FA-487E-AC04-C4B8E59A612D}"
	ProjectSection(ProjectDependencies) = postProject
		{A674A8B3-D3A4-4F6A-B904-6DD1F6E6F725} = {A674A8B3-D3A4-4F6A-B904-6DD1F6E6F725}
	EndProjectSection
EndProject
Project("{2150E333-8FDC-42A3-9474-1A3956D46DE8}") = "D09 - Rigid Body", "D09 - Rigid Body", "{5C98C126-BD5F-4DB1-9A5A-39BA04EF8F28}"
EndProject
Project("{8BC9CEB8-8B4A-11D0-8D11-00A0C91BC942}") = "C09A_RigidBody_Pt1", "C09A_RigidBody_Pt1\C09A_RigidBody_Pt1.vcxproj", "{A6AD12FC-79E8-4164-8085-0AD26B7664F9}"
	ProjectSection(ProjectDependencies) = postProject
		{A674A8B3-D3A4-4F6A-B904-6DD1F6E6F725} = {A674A8B3-D3A4-4F6A-B904-6DD1F6E6F725}
	EndProjectSection
EndProject
Project("{8BC9CEB8-8B4A-11D0-8D11-00A0C91BC942}") = "C09A_RigidBody_Pt2", "C09A_RigidBody_Pt2\C09A_RigidBody_Pt2.vcxproj", "{57D981A0-831C-4038-84CE-04E828F490F8}"
	ProjectSection(ProjectDependencies) = postProject
		{A674A8B3-D3A4-4F6A-B904-6DD1F6E6F725} = {A674A8B3-D3A4-4F6A-B904-6DD1F6E6F725}
	EndProjectSection
EndProject
Project("{8BC9CEB8-8B4A-11D0-8D11-00A0C91BC942}") = "C09B_AABB_Pt1", "C09B_AABB_Pt1\C09B_AABB_Pt1.vcxproj", "{086CED34-4F1D-4FB3-A59A-5D99DA0014A0}"
	ProjectSection(ProjectDependencies) = postProject
		{A674A8B3-D3A4-4F6A-B904-6DD1F6E6F725} = {A674A8B3-D3A4-4F6A-B904-6DD1F6E6F725}
	EndProjectSection
EndProject
Project("{8BC9CEB8-8B4A-11D0-8D11-00A0C91BC942}") = "C09B_AABB_Pt2", "C09B_AABB_Pt2\C09B_AABB_Pt2.vcxproj", "{AAFB3020-B747-46F4-B6C4-F65A74C70281}"
	ProjectSection(ProjectDependencies) = postProject
		{A674A8B3-D3A4-4F6A-B904-6DD1F6E6F725} = {A674A8B3-D3A4-4F6A-B904-6DD1F6E6F725}
	EndProjectSection
EndProject
Project("{8BC9CEB8-8B4A-11D0-8D11-00A0C91BC942}") = "E09s_AABB_Collision", "E09s_AABB_Collision\E09s_AABB_Collision.vcxproj", "{F54D8188-CE14-4E58-BD72-FBA4CC36670B}"
	ProjectSection(ProjectDependencies) = postProject
		{A674A8B3-D3A4-4F6A-B904-6DD1F6E6F725} = {A674A8B3-D3A4-4F6A-B904-6DD1F6E6F725}
	EndProjectSection
EndProject
Project("{2150E333-8FDC-42A3-9474-1A3956D46DE8}") = "Solutions", "Solutions", "{6F09FEC6-7196-4333-9123-3685CDB22D38}"
EndProject
Project("{8BC9CEB8-8B4A-11D0-8D11-00A0C91BC942}") = "E09_AABB_Collision", "E09_AABB_Collision\E09_AABB_Collision.vcxproj", "{2E9CF691-2D96-47E3-976E-7A9C73EF8776}"
	ProjectSection(ProjectDependencies) = postProject
		{A674A8B3-D3A4-4F6A-B904-6DD1F6E6F725} = {A674A8B3-D3A4-4F6A-B904-6DD1F6E6F725}
	EndProjectSection
EndProject
Project("{8BC9CEB8-8B4A-11D0-8D11-00A0C91BC942}") = "C09C_BS_Collision_Pt1", "C09C_BS_Collision_Pt1\C09C_BS_Collision_Pt1.vcxproj", "{108DE2B4-7CA4-4F8C-8095-285E0C697AC2}"
	ProjectSection(ProjectDependencies) = postProject
		{A674A8B3-D3A4-4F6A-B904-6DD1F6E6F725} = {A674A8B3-D3A4-4F6A-B904-6DD1F6E6F725}
	EndProjectSection
EndProject
Project("{8BC9CEB8-8B4A-11D0-8D11-00A0C91BC942}") = "C09C_BS_Collision_Pt2", "C09C_BS_Collision_Pt2\C09C_BS_Collision_Pt2.vcxproj", "{E2830544-A423-446B-8E41-EF738041BF4B}"
	ProjectSection(ProjectDependencies) = postProject
		{A674A8B3-D3A4-4F6A-B904-6DD1F6E6F725} = {A674A8B3-D3A4-4F6A-B904-6DD1F6E6F725}
	EndProjectSection
EndProject
Project("{8BC9CEB8-8B4A-11D0-8D11-00A0C91BC942}") = "E10s_ARBB_Collision", "E10s_ARBB_Collision\E10s_ARBB_Collision.vcxproj", "{B407E943-DBE2-4B77-A9F2-1ABBA44312A7}"
	ProjectSection(ProjectDependencies) = postProject
		{A674A8B3-D3A4-4F6A-B904-6DD1F6E6F725} = {A674A8B3-D3A4-4F6A-B904-6DD1F6E6F725}
	EndProjectSection
EndProject
Project("{8BC9CEB8-8B4A-11D0-8D11-00A0C91BC942}") = "E10_ARBB_Collision", "E10_ARBB_Collision\E10_ARBB_Collision.vcxproj", "{5C92B2C5-6926-4FD1-8E8C-2D15F2B2DFFA}"
	ProjectSection(ProjectDependencies) = postProject
		{A674A8B3-D3A4-4F6A-B904-6DD1F6E6F725} = {A674A8B3-D3A4-4F6A-B904-6DD1F6E6F725}
	EndProjectSection
EndProject
Project("{2150E333-8FDC-42A3-9474-1A3956D46DE8}") = "D10 - Entity", "D10 - Entity", "{FC1378EF-1DA5-489F-888B-DB9C3628A8B0}"
EndProject
Project("{8BC9CEB8-8B4A-11D0-8D11-00A0C91BC942}") = "C10A_EntityClass", "C10A_EntityClass\C10A_EntityClass.vcxproj", "{276BC12E-D566-419F-9655-48A203154378}"
	ProjectSection(ProjectDependencies) = postProject
		{A674A8B3-D3A4-4F6A-B904-6DD1F6E6F725} = {A674A8B3-D3A4-4F6A-B904-6DD1F6E6F725}
	EndProjectSection
EndProject
Project("{8BC9CEB8-8B4A-11D0-8D11-00A0C91BC942}") = "HW05_SAT", "HW05_SAT\HW05_SAT.vcxproj", "{A912A947-9DBE-4442-ABC2-347680708634}"
	ProjectSection(ProjectDependencies) = postProject
		{A674A8B3-D3A4-4F6A-B904-6DD1F6E6F725} = {A674A8B3-D3A4-4F6A-B904-6DD1F6E6F725}
	EndProjectSection
EndProject
Project("{2150E333-8FDC-42A3-9474-1A3956D46DE8}") = "D11 - Entity Manager", "D11 - Entity Manager", "{3537F289-53D8-4AAF-8523-03BEDBFB21DE}"
EndProject
Project("{8BC9CEB8-8B4A-11D0-8D11-00A0C91BC942}") = "C11A_EntityManager", "C11A_EntityManager\C11A_EntityManager.vcxproj", "{1C341D4F-34FF-44DE-91B1-EF2780BC4674}"
	ProjectSection(ProjectDependencies) = postProject
		{A674A8B3-D3A4-4F6A-B904-6DD1F6E6F725} = {A674A8B3-D3A4-4F6A-B904-6DD1F6E6F725}
	EndProjectSection
EndProject
Project("{8BC9CEB8-8B4A-11D0-8D11-00A0C91BC942}") = "C11B_SpatialOptimization_Pt1", "C11B_SpatialOptimization_Pt1\C11B_SpatialOptimization_Pt1.vcxproj", "{F4166326-6DE8-4F8D-92B4-CD884AA02BB7}"
	ProjectSection(ProjectDependencies) = postProject
		{A674A8B3-D3A4-4F6A-B904-6DD1F6E6F725} = {A674A8B3-D3A4-4F6A-B904-6DD1F6E6F725}
	EndProjectSection
EndProject
Project("{8BC9CEB8-8B4A-11D0-8D11-00A0C91BC942}") = "C11B_SpatialOptimization_Pt2", "C11B_SpatialOptimization_Pt2\C11B_SpatialOptimization_Pt2.vcxproj", "{BBC1278A-4024-4FE9-A998-4B3373B78761}"
	ProjectSection(ProjectDependencies) = postProject
		{A674A8B3-D3A4-4F6A-B904-6DD1F6E6F725} = {A674A8B3-D3A4-4F6A-B904-6DD1F6E6F725}
	EndProjectSection
EndProject
Project("{8BC9CEB8-8B4A-11D0-8D11-00A0C91BC942}") = "C11B_SpatialOptimization_Pt3", "C11B_SpatialOptimization_Pt3\C11B_SpatialOptimization_Pt3.vcxproj", "{72B98466-1806-4EE7-AE3A-CD966FC79A6C}"
	ProjectSection(ProjectDependencies) = postProject
		{A674A8B3-D3A4-4F6A-B904-6DD1F6E6F725} = {A674A8B3-D3A4-4F6A-B904-6DD1F6E6F725}
	EndProjectSection
EndProject
Project("{8BC9CEB8-8B4A-11D0-8D11-00A0C91BC942}") = "C11B_SpatialOptimization_Pt4", "C11B_SpatialOptimization_Pt4\C11B_SpatialOptimization_Pt4.vcxproj", "{66B46DE0-118E-44B9-B155-0CF84D763B84}"
	ProjectSection(ProjectDependencies) = postProject
		{A674A8B3-D3A4-4F6A-B904-6DD1F6E6F725} = {A674A8B3-D3A4-4F6A-B904-6DD1F6E6F725}
	EndProjectSection
EndProject
Project("{8BC9CEB8-8B4A-11D0-8D11-00A0C91BC942}") = "E11s_BoundingSpace", "E11s_BoundingSpace\E11s_BoundingSpace.vcxproj", "{81558271-B52C-4E61-9C5D-CEA7ED5D3913}"
	ProjectSection(ProjectDependencies) = postProject
		{A674A8B3-D3A4-4F6A-B904-6DD1F6E6F725} = {A674A8B3-D3A4-4F6A-B904-6DD1F6E6F725}
	EndProjectSection
EndProject
Project("{8BC9CEB8-8B4A-11D0-8D11-00A0C91BC942}") = "E11_BoundingSpace", "E11_BoundingSpace\E11_BoundingSpace.vcxproj", "{9D143A6D-B576-4CE3-BBA0-0D104DCE9E7E}"
	ProjectSection(ProjectDependencies) = postProject
		{A674A8B3-D3A4-4F6A-B904-6DD1F6E6F725} = {A674A8B3-D3A4-4F6A-B904-6DD1F6E6F725}
	EndProjectSection
EndProject
Project("{8BC9CEB8-8B4A-11D0-8D11-00A0C91BC942}") = "HW04_Camera", "HW04_Camera\HW04_Camera.vcxproj", "{5225B258-8502-4EBC-AF87-0CA8DFB9AF8C}"
	ProjectSection(ProjectDependencies) = postProject
		{A674A8B3-D3A4-4F6A-B904-6DD1F6E6F725} = {A674A8B3-D3A4-4F6A-B904-6DD1F6E6F725}
	EndProjectSection
EndProject
Project("{8BC9CEB8-8B4A-11D0-8D11-00A0C91BC942}") = "EX02A_BoundingFallingObjects", "EX02A_BoundingFallingObjects\EX02A_BoundingFallingObjects.vcxproj", "{99BBCBAC-E8E1-4A03-BC4F-B940EAE00B35}"
	ProjectSection(ProjectDependencies) = postProject
		{A674A8B3-D3A4-4F6A-B904-6DD1F6E6F725} = {A674A8B3-D3A4-4F6A-B904-6DD1F6E6F725}
	EndProjectSection
EndProject
Project("{8BC9CEB8-8B4A-11D0-8D11-00A0C91BC942}") = "E12s_GridSubdivision", "E12s_GridSubdivision\E12s_GridSubdivision.vcxproj", "{2D08DD94-A64E-4E42-AB04-545F42F71CC3}"
	ProjectSection(ProjectDependencies) = postProject
		{A674A8B3-D3A4-4F6A-B904-6DD1F6E6F725} = {A674A8B3-D3A4-4F6A-B904-6DD1F6E6F725}
	EndProjectSection
EndProject
Project("{2150E333-8FDC-42A3-9474-1A3956D46DE8}") = "D12 - Spaces", "D12 - Spaces", "{7E37D0CA-8267-4F91-9044-3D0323F21AD3}"
EndProject
Project("{8BC9CEB8-8B4A-11D0-8D11-00A0C91BC942}") = "C12A_Subdivisions", "C12A_Subdivisions\C12A_Subdivisions.vcxproj", "{2710D1FA-B65D-4470-9D11-C64A08C88262}"
	ProjectSection(ProjectDependencies) = postProject
		{A674A8B3-D3A4-4F6A-B904-6DD1F6E6F725} = {A674A8B3-D3A4-4F6A-B904-6DD1F6E6F725}
	EndProjectSection
EndProject
Project("{8BC9CEB8-8B4A-11D0-8D11-00A0C91BC942}") = "E12_GridSubdivision", "E12_GridSubdivision\E12_GridSubdivision.vcxproj", "{D5B02C52-13F0-4945-8D24-801C2513E8AD}"
	ProjectSection(ProjectDependencies) = postProject
		{A674A8B3-D3A4-4F6A-B904-6DD1F6E6F725} = {A674A8B3-D3A4-4F6A-B904-6DD1F6E6F725}
	EndProjectSection
EndProject
Project("{8BC9CEB8-8B4A-11D0-8D11-00A0C91BC942}") = "E13_RecursiveGrid", "E13_RecursiveGrid\E13_RecursiveGrid.vcxproj", "{8C82608C-3CD1-4A4F-92C6-6A2AF5426128}"
	ProjectSection(ProjectDependencies) = postProject
		{A674A8B3-D3A4-4F6A-B904-6DD1F6E6F725} = {A674A8B3-D3A4-4F6A-B904-6DD1F6E6F725}
	EndProjectSection
EndProject
Project("{8BC9CEB8-8B4A-11D0-8D11-00A0C91BC942}") = "HW06_Octree", "HW06_Octree\HW06_Octree.vcxproj", "{D7E9A9D2-7AD5-4CBC-95CE-12832CF226E5}"
	ProjectSection(ProjectDependencies) = postProject
		{A674A8B3-D3A4-4F6A-B904-6DD1F6E6F725} = {A674A8B3-D3A4-4F6A-B904-6DD1F6E6F725}
	EndProjectSection
EndProject
Project("{8BC9CEB8-8B4A-11D0-8D11-00A0C91BC942}") = "C14A_Physics_Jitter", "C14A_Physics_Jitter\C14A_Physics_Jitter.vcxproj", "{5D9A66EA-1598-4267-94FD-7D1A85ABCAD4}"
	ProjectSection(ProjectDependencies) = postProject
		{A674A8B3-D3A4-4F6A-B904-6DD1F6E6F725} = {A674A8B3-D3A4-4F6A-B904-6DD1F6E6F725}
	EndProjectSection
EndProject
Project("{8BC9CEB8-8B4A-11D0-8D11-00A0C91BC942}") = "C14B_Physics_Tunneling", "C14B_Physics_Tunneling\C14B_Physics_Tunneling.vcxproj", "{3BAFB2AF-B5D8-4A27-90F2-975F36D49005}"
	ProjectSection(ProjectDependencies) = postProject
		{A674A8B3-D3A4-4F6A-B904-6DD1F6E6F725} = {A674A8B3-D3A4-4F6A-B904-6DD1F6E6F725}
	EndProjectSection
EndProject
Project("{8BC9CEB8-8B4A-11D0-8D11-00A0C91BC942}") = "C14C_Physics_Mass", "C14C_Physics_Mass\C14C_Physics_Mass.vcxproj", "{13CD4D9E-A6AE-49F9-B6D6-550532FDED6E}"
	ProjectSection(ProjectDependencies) = postProject
		{A674A8B3-D3A4-4F6A-B904-6DD1F6E6F725} = {A674A8B3-D3A4-4F6A-B904-6DD1F6E6F725}
	EndProjectSection
EndProject
Project("{8BC9CEB8-8B4A-11D0-8D11-00A0C91BC942}") = "C14D_Physics_ExternalSolver", "C14D_Physics_ExternalSolver\C14D_Physics_ExternalSolver.vcxproj", "{C4271088-5D94-4CEE-B7F9-8908E9E1D3C1}"
	ProjectSection(ProjectDependencies) = postProject
		{A674A8B3-D3A4-4F6A-B904-6DD1F6E6F725} = {A674A8B3-D3A4-4F6A-B904-6DD1F6E6F725}
	EndProjectSection
EndProject
Project("{2150E333-8FDC-42A3-9474-1A3956D46DE8}") = "D14 - Physics", "D14 - Physics", "{5F5CD9CE-1806-4281-B0C0-0F440CFFF8C1}"
EndProject
Project("{8BC9CEB8-8B4A-11D0-8D11-00A0C91BC942}") = "E14_PhysicsSolver", "E14_PhysicsSolver\E14_PhysicsSolver.vcxproj", "{6B4B0F9D-497A-4604-AE00-C0C40D172FFC}"
	ProjectSection(ProjectDependencies) = postProject
		{A674A8B3-D3A4-4F6A-B904-6DD1F6E6F725} = {A674A8B3-D3A4-4F6A-B904-6DD1F6E6F725}
	EndProjectSection
EndProject
Project("{8BC9CEB8-8B4A-11D0-8D11-00A0C91BC942}") = "HW01s_PriorityQueue", "HW01_STDQueue\HW01s_PriorityQueue.vcxproj", "{D64C9D2D-CDAA-4984-8E3C-5DE7AC883EFB}"
EndProject
Global
	GlobalSection(SolutionConfigurationPlatforms) = preSolution
		Debug|x86 = Debug|x86
		Release|x86 = Release|x86
	EndGlobalSection
	GlobalSection(ProjectConfigurationPlatforms) = postSolution
		{A674A8B3-D3A4-4F6A-B904-6DD1F6E6F725}.Debug|x86.ActiveCfg = Debug|Win32
		{A674A8B3-D3A4-4F6A-B904-6DD1F6E6F725}.Debug|x86.Build.0 = Debug|Win32
		{A674A8B3-D3A4-4F6A-B904-6DD1F6E6F725}.Release|x86.ActiveCfg = Release|Win32
		{A674A8B3-D3A4-4F6A-B904-6DD1F6E6F725}.Release|x86.Build.0 = Release|Win32
		{FA12657D-D8A0-41F5-8FB0-D1031C586229}.Debug|x86.ActiveCfg = Debug|Win32
		{FA12657D-D8A0-41F5-8FB0-D1031C586229}.Debug|x86.Build.0 = Debug|Win32
		{FA12657D-D8A0-41F5-8FB0-D1031C586229}.Release|x86.ActiveCfg = Release|Win32
		{FA12657D-D8A0-41F5-8FB0-D1031C586229}.Release|x86.Build.0 = Release|Win32
		{FC236736-76AC-40A9-BFEF-3ECB6DB084C8}.Debug|x86.ActiveCfg = Debug|Win32
		{FC236736-76AC-40A9-BFEF-3ECB6DB084C8}.Debug|x86.Build.0 = Debug|Win32
		{FC236736-76AC-40A9-BFEF-3ECB6DB084C8}.Release|x86.ActiveCfg = Release|Win32
		{FC236736-76AC-40A9-BFEF-3ECB6DB084C8}.Release|x86.Build.0 = Release|Win32
		{0A97ECD7-0580-4FCF-9FA0-C406EAC3642B}.Debug|x86.ActiveCfg = Debug|Win32
		{0A97ECD7-0580-4FCF-9FA0-C406EAC3642B}.Debug|x86.Build.0 = Debug|Win32
		{0A97ECD7-0580-4FCF-9FA0-C406EAC3642B}.Release|x86.ActiveCfg = Release|Win32
		{0A97ECD7-0580-4FCF-9FA0-C406EAC3642B}.Release|x86.Build.0 = Release|Win32
		{E46C7A77-C962-4B50-A284-335DA30C5257}.Debug|x86.ActiveCfg = Debug|Win32
		{E46C7A77-C962-4B50-A284-335DA30C5257}.Debug|x86.Build.0 = Debug|Win32
		{E46C7A77-C962-4B50-A284-335DA30C5257}.Release|x86.ActiveCfg = Release|Win32
		{E46C7A77-C962-4B50-A284-335DA30C5257}.Release|x86.Build.0 = Release|Win32
		{EF9B5E00-F5D5-4EA6-9B4C-8C8149983517}.Debug|x86.ActiveCfg = Debug|Win32
		{EF9B5E00-F5D5-4EA6-9B4C-8C8149983517}.Debug|x86.Build.0 = Debug|Win32
		{EF9B5E00-F5D5-4EA6-9B4C-8C8149983517}.Release|x86.ActiveCfg = Release|Win32
		{EF9B5E00-F5D5-4EA6-9B4C-8C8149983517}.Release|x86.Build.0 = Release|Win32
		{EB4EFF92-BCF0-4EFA-8627-E6A734432D48}.Debug|x86.ActiveCfg = Debug|Win32
		{EB4EFF92-BCF0-4EFA-8627-E6A734432D48}.Debug|x86.Build.0 = Debug|Win32
		{EB4EFF92-BCF0-4EFA-8627-E6A734432D48}.Release|x86.ActiveCfg = Release|Win32
		{EB4EFF92-BCF0-4EFA-8627-E6A734432D48}.Release|x86.Build.0 = Release|Win32
		{B6CF8B43-C43C-47BA-90E1-37EC6CFE55E7}.Debug|x86.ActiveCfg = Debug|Win32
		{B6CF8B43-C43C-47BA-90E1-37EC6CFE55E7}.Debug|x86.Build.0 = Debug|Win32
		{B6CF8B43-C43C-47BA-90E1-37EC6CFE55E7}.Release|x86.ActiveCfg = Release|Win32
		{B6CF8B43-C43C-47BA-90E1-37EC6CFE55E7}.Release|x86.Build.0 = Release|Win32
		{48D6CADA-6217-4916-AD17-63B8A4C9C148}.Debug|x86.ActiveCfg = Debug|Win32
		{48D6CADA-6217-4916-AD17-63B8A4C9C148}.Debug|x86.Build.0 = Debug|Win32
		{48D6CADA-6217-4916-AD17-63B8A4C9C148}.Release|x86.ActiveCfg = Release|Win32
		{48D6CADA-6217-4916-AD17-63B8A4C9C148}.Release|x86.Build.0 = Release|Win32
		{5A72A3FE-A1F4-41B2-9536-C6AB5799239A}.Debug|x86.ActiveCfg = Debug|Win32
		{5A72A3FE-A1F4-41B2-9536-C6AB5799239A}.Debug|x86.Build.0 = Debug|Win32
		{5A72A3FE-A1F4-41B2-9536-C6AB5799239A}.Release|x86.ActiveCfg = Release|Win32
		{5A72A3FE-A1F4-41B2-9536-C6AB5799239A}.Release|x86.Build.0 = Release|Win32
		{83AB0DD1-74D5-42E7-85D2-9230D8808B86}.Debug|x86.ActiveCfg = Debug|Win32
		{83AB0DD1-74D5-42E7-85D2-9230D8808B86}.Debug|x86.Build.0 = Debug|Win32
		{83AB0DD1-74D5-42E7-85D2-9230D8808B86}.Release|x86.ActiveCfg = Release|Win32
		{83AB0DD1-74D5-42E7-85D2-9230D8808B86}.Release|x86.Build.0 = Release|Win32
		{C650103F-B106-463E-86F1-244C0EDBAA3F}.Debug|x86.ActiveCfg = Debug|Win32
		{C650103F-B106-463E-86F1-244C0EDBAA3F}.Debug|x86.Build.0 = Debug|Win32
		{C650103F-B106-463E-86F1-244C0EDBAA3F}.Release|x86.ActiveCfg = Release|Win32
		{C650103F-B106-463E-86F1-244C0EDBAA3F}.Release|x86.Build.0 = Release|Win32
		{66A83499-3193-4CA2-ADD3-7696ED6BAD0A}.Debug|x86.ActiveCfg = Debug|Win32
		{66A83499-3193-4CA2-ADD3-7696ED6BAD0A}.Debug|x86.Build.0 = Debug|Win32
		{66A83499-3193-4CA2-ADD3-7696ED6BAD0A}.Release|x86.ActiveCfg = Release|Win32
		{66A83499-3193-4CA2-ADD3-7696ED6BAD0A}.Release|x86.Build.0 = Release|Win32
		{7EDBEED8-75ED-48EE-9F13-5D4A895E8F1B}.Debug|x86.ActiveCfg = Debug|Win32
		{7EDBEED8-75ED-48EE-9F13-5D4A895E8F1B}.Debug|x86.Build.0 = Debug|Win32
		{7EDBEED8-75ED-48EE-9F13-5D4A895E8F1B}.Release|x86.ActiveCfg = Release|Win32
		{7EDBEED8-75ED-48EE-9F13-5D4A895E8F1B}.Release|x86.Build.0 = Release|Win32
		{727F318B-4763-4342-ABBB-C67641D8FE4E}.Debug|x86.ActiveCfg = Debug|Win32
		{727F318B-4763-4342-ABBB-C67641D8FE4E}.Debug|x86.Build.0 = Debug|Win32
		{727F318B-4763-4342-ABBB-C67641D8FE4E}.Release|x86.ActiveCfg = Release|Win32
		{727F318B-4763-4342-ABBB-C67641D8FE4E}.Release|x86.Build.0 = Release|Win32
		{AD76B662-C255-4CFE-9229-DF58E7BFFAFD}.Debug|x86.ActiveCfg = Debug|Win32
		{AD76B662-C255-4CFE-9229-DF58E7BFFAFD}.Debug|x86.Build.0 = Debug|Win32
		{AD76B662-C255-4CFE-9229-DF58E7BFFAFD}.Release|x86.ActiveCfg = Release|Win32
		{AD76B662-C255-4CFE-9229-DF58E7BFFAFD}.Release|x86.Build.0 = Release|Win32
		{D8E23560-A95A-4900-A54A-283CD3245D56}.Debug|x86.ActiveCfg = Debug|Win32
		{D8E23560-A95A-4900-A54A-283CD3245D56}.Debug|x86.Build.0 = Debug|Win32
		{D8E23560-A95A-4900-A54A-283CD3245D56}.Release|x86.ActiveCfg = Release|Win32
		{D8E23560-A95A-4900-A54A-283CD3245D56}.Release|x86.Build.0 = Release|Win32
		{9C1C29E0-8610-4F8F-AD01-67BCAE384432}.Debug|x86.ActiveCfg = Debug|Win32
		{9C1C29E0-8610-4F8F-AD01-67BCAE384432}.Debug|x86.Build.0 = Debug|Win32
		{9C1C29E0-8610-4F8F-AD01-67BCAE384432}.Release|x86.ActiveCfg = Release|Win32
		{9C1C29E0-8610-4F8F-AD01-67BCAE384432}.Release|x86.Build.0 = Release|Win32
		{061E1860-8924-4CC2-B419-FA41BA6E87FD}.Debug|x86.ActiveCfg = Debug|Win32
		{061E1860-8924-4CC2-B419-FA41BA6E87FD}.Debug|x86.Build.0 = Debug|Win32
		{061E1860-8924-4CC2-B419-FA41BA6E87FD}.Release|x86.ActiveCfg = Release|Win32
		{061E1860-8924-4CC2-B419-FA41BA6E87FD}.Release|x86.Build.0 = Release|Win32
		{D5AE5ECD-E0DF-4AA9-AABD-4A1251B4E737}.Debug|x86.ActiveCfg = Debug|Win32
		{D5AE5ECD-E0DF-4AA9-AABD-4A1251B4E737}.Debug|x86.Build.0 = Debug|Win32
		{D5AE5ECD-E0DF-4AA9-AABD-4A1251B4E737}.Release|x86.ActiveCfg = Release|Win32
		{D5AE5ECD-E0DF-4AA9-AABD-4A1251B4E737}.Release|x86.Build.0 = Release|Win32
		{B746CCB1-1A5E-4E50-816B-C3A37860DD3D}.Debug|x86.ActiveCfg = Debug|Win32
		{B746CCB1-1A5E-4E50-816B-C3A37860DD3D}.Debug|x86.Build.0 = Debug|Win32
		{B746CCB1-1A5E-4E50-816B-C3A37860DD3D}.Release|x86.ActiveCfg = Release|Win32
		{B746CCB1-1A5E-4E50-816B-C3A37860DD3D}.Release|x86.Build.0 = Release|Win32
		{1BFF6BFB-D00D-4F96-B020-D7C425E8F7B3}.Debug|x86.ActiveCfg = Debug|Win32
		{1BFF6BFB-D00D-4F96-B020-D7C425E8F7B3}.Debug|x86.Build.0 = Debug|Win32
		{1BFF6BFB-D00D-4F96-B020-D7C425E8F7B3}.Release|x86.ActiveCfg = Release|Win32
		{1BFF6BFB-D00D-4F96-B020-D7C425E8F7B3}.Release|x86.Build.0 = Release|Win32
		{98333490-40F1-4CFC-8CAF-7530E453A4DA}.Debug|x86.ActiveCfg = Debug|Win32
		{98333490-40F1-4CFC-8CAF-7530E453A4DA}.Debug|x86.Build.0 = Debug|Win32
		{98333490-40F1-4CFC-8CAF-7530E453A4DA}.Release|x86.ActiveCfg = Release|Win32
		{98333490-40F1-4CFC-8CAF-7530E453A4DA}.Release|x86.Build.0 = Release|Win32
		{263BA301-4346-4B29-B75C-2EE5AAD4623A}.Debug|x86.ActiveCfg = Debug|Win32
		{263BA301-4346-4B29-B75C-2EE5AAD4623A}.Debug|x86.Build.0 = Debug|Win32
		{263BA301-4346-4B29-B75C-2EE5AAD4623A}.Release|x86.ActiveCfg = Release|Win32
		{263BA301-4346-4B29-B75C-2EE5AAD4623A}.Release|x86.Build.0 = Release|Win32
		{5B59F085-E1A3-4C77-9F20-093E6960828A}.Debug|x86.ActiveCfg = Debug|Win32
		{5B59F085-E1A3-4C77-9F20-093E6960828A}.Debug|x86.Build.0 = Debug|Win32
		{5B59F085-E1A3-4C77-9F20-093E6960828A}.Release|x86.ActiveCfg = Release|Win32
		{5B59F085-E1A3-4C77-9F20-093E6960828A}.Release|x86.Build.0 = Release|Win32
		{A0E267DE-259A-4E3D-AA3E-8F467A324742}.Debug|x86.ActiveCfg = Debug|Win32
		{A0E267DE-259A-4E3D-AA3E-8F467A324742}.Debug|x86.Build.0 = Debug|Win32
		{A0E267DE-259A-4E3D-AA3E-8F467A324742}.Release|x86.ActiveCfg = Release|Win32
		{A0E267DE-259A-4E3D-AA3E-8F467A324742}.Release|x86.Build.0 = Release|Win32
		{1E343B91-1FF2-4B25-9933-4196E72728B9}.Debug|x86.ActiveCfg = Debug|Win32
		{1E343B91-1FF2-4B25-9933-4196E72728B9}.Debug|x86.Build.0 = Debug|Win32
		{1E343B91-1FF2-4B25-9933-4196E72728B9}.Release|x86.ActiveCfg = Release|Win32
		{1E343B91-1FF2-4B25-9933-4196E72728B9}.Release|x86.Build.0 = Release|Win32
		{2FB1D1D3-8A18-4F14-81DF-9FB74A8C6B0E}.Debug|x86.ActiveCfg = Debug|Win32
		{2FB1D1D3-8A18-4F14-81DF-9FB74A8C6B0E}.Debug|x86.Build.0 = Debug|Win32
		{2FB1D1D3-8A18-4F14-81DF-9FB74A8C6B0E}.Release|x86.ActiveCfg = Release|Win32
		{2FB1D1D3-8A18-4F14-81DF-9FB74A8C6B0E}.Release|x86.Build.0 = Release|Win32
		{C6F32713-AA2D-4BEA-BD1D-4CEE085DE74B}.Debug|x86.ActiveCfg = Debug|Win32
		{C6F32713-AA2D-4BEA-BD1D-4CEE085DE74B}.Debug|x86.Build.0 = Debug|Win32
		{C6F32713-AA2D-4BEA-BD1D-4CEE085DE74B}.Release|x86.ActiveCfg = Release|Win32
		{C6F32713-AA2D-4BEA-BD1D-4CEE085DE74B}.Release|x86.Build.0 = Release|Win32
		{6D0989C5-1CB4-4452-BB1C-FFA04CFE9586}.Debug|x86.ActiveCfg = Debug|Win32
		{6D0989C5-1CB4-4452-BB1C-FFA04CFE9586}.Debug|x86.Build.0 = Debug|Win32
		{6D0989C5-1CB4-4452-BB1C-FFA04CFE9586}.Release|x86.ActiveCfg = Release|Win32
		{6D0989C5-1CB4-4452-BB1C-FFA04CFE9586}.Release|x86.Build.0 = Release|Win32
		{43402CC6-B0E7-43D8-8DF3-9FD9E13FA148}.Debug|x86.ActiveCfg = Debug|Win32
		{43402CC6-B0E7-43D8-8DF3-9FD9E13FA148}.Debug|x86.Build.0 = Debug|Win32
		{43402CC6-B0E7-43D8-8DF3-9FD9E13FA148}.Release|x86.ActiveCfg = Release|Win32
		{43402CC6-B0E7-43D8-8DF3-9FD9E13FA148}.Release|x86.Build.0 = Release|Win32
		{54406AC3-0D84-4564-9C24-48C5634A2D76}.Debug|x86.ActiveCfg = Debug|Win32
		{54406AC3-0D84-4564-9C24-48C5634A2D76}.Debug|x86.Build.0 = Debug|Win32
		{54406AC3-0D84-4564-9C24-48C5634A2D76}.Release|x86.ActiveCfg = Release|Win32
		{54406AC3-0D84-4564-9C24-48C5634A2D76}.Release|x86.Build.0 = Release|Win32
		{3A24BA02-A2B8-42AF-9FE5-74CE09710757}.Debug|x86.ActiveCfg = Debug|Win32
		{3A24BA02-A2B8-42AF-9FE5-74CE09710757}.Debug|x86.Build.0 = Debug|Win32
		{3A24BA02-A2B8-42AF-9FE5-74CE09710757}.Release|x86.ActiveCfg = Release|Win32
		{3A24BA02-A2B8-42AF-9FE5-74CE09710757}.Release|x86.Build.0 = Release|Win32
		{42A9662D-BE84-4C33-9424-63B0F9708E47}.Debug|x86.ActiveCfg = Debug|Win32
		{42A9662D-BE84-4C33-9424-63B0F9708E47}.Debug|x86.Build.0 = Debug|Win32
		{42A9662D-BE84-4C33-9424-63B0F9708E47}.Release|x86.ActiveCfg = Release|Win32
		{42A9662D-BE84-4C33-9424-63B0F9708E47}.Release|x86.Build.0 = Release|Win32
		{5F339F92-9137-49F5-9908-E73222440399}.Debug|x86.ActiveCfg = Debug|Win32
		{5F339F92-9137-49F5-9908-E73222440399}.Debug|x86.Build.0 = Debug|Win32
		{5F339F92-9137-49F5-9908-E73222440399}.Release|x86.ActiveCfg = Release|Win32
		{5F339F92-9137-49F5-9908-E73222440399}.Release|x86.Build.0 = Release|Win32
		{F1BA9A66-C0A6-4BC5-84B2-48FEEE467E7F}.Debug|x86.ActiveCfg = Debug|Win32
		{F1BA9A66-C0A6-4BC5-84B2-48FEEE467E7F}.Debug|x86.Build.0 = Debug|Win32
		{F1BA9A66-C0A6-4BC5-84B2-48FEEE467E7F}.Release|x86.ActiveCfg = Release|Win32
		{F1BA9A66-C0A6-4BC5-84B2-48FEEE467E7F}.Release|x86.Build.0 = Release|Win32
		{9A74D1E3-B8C3-4DF6-B077-6E04AA08813F}.Debug|x86.ActiveCfg = Debug|Win32
		{9A74D1E3-B8C3-4DF6-B077-6E04AA08813F}.Debug|x86.Build.0 = Debug|Win32
		{9A74D1E3-B8C3-4DF6-B077-6E04AA08813F}.Release|x86.ActiveCfg = Release|Win32
		{9A74D1E3-B8C3-4DF6-B077-6E04AA08813F}.Release|x86.Build.0 = Release|Win32
		{A89D2724-45E7-4585-A2E7-07C82DC69ABC}.Debug|x86.ActiveCfg = Debug|Win32
		{A89D2724-45E7-4585-A2E7-07C82DC69ABC}.Debug|x86.Build.0 = Debug|Win32
		{A89D2724-45E7-4585-A2E7-07C82DC69ABC}.Release|x86.ActiveCfg = Release|Win32
		{A89D2724-45E7-4585-A2E7-07C82DC69ABC}.Release|x86.Build.0 = Release|Win32
		{5F855E54-1E3C-4F12-B846-4287AF90C503}.Debug|x86.ActiveCfg = Debug|Win32
		{5F855E54-1E3C-4F12-B846-4287AF90C503}.Debug|x86.Build.0 = Debug|Win32
		{5F855E54-1E3C-4F12-B846-4287AF90C503}.Release|x86.ActiveCfg = Release|Win32
		{5F855E54-1E3C-4F12-B846-4287AF90C503}.Release|x86.Build.0 = Release|Win32
		{5DF375F8-3ED2-46A8-931E-07A1140BC3DE}.Debug|x86.ActiveCfg = Debug|Win32
		{5DF375F8-3ED2-46A8-931E-07A1140BC3DE}.Debug|x86.Build.0 = Debug|Win32
		{5DF375F8-3ED2-46A8-931E-07A1140BC3DE}.Release|x86.ActiveCfg = Release|Win32
		{5DF375F8-3ED2-46A8-931E-07A1140BC3DE}.Release|x86.Build.0 = Release|Win32
		{FC55E2F8-9849-4610-8765-3D29D80FF78C}.Debug|x86.ActiveCfg = Debug|Win32
		{FC55E2F8-9849-4610-8765-3D29D80FF78C}.Debug|x86.Build.0 = Debug|Win32
		{FC55E2F8-9849-4610-8765-3D29D80FF78C}.Release|x86.ActiveCfg = Release|Win32
		{FC55E2F8-9849-4610-8765-3D29D80FF78C}.Release|x86.Build.0 = Release|Win32
		{14AF6316-5452-4B47-8122-F517B961CE39}.Debug|x86.ActiveCfg = Debug|Win32
		{14AF6316-5452-4B47-8122-F517B961CE39}.Debug|x86.Build.0 = Debug|Win32
		{14AF6316-5452-4B47-8122-F517B961CE39}.Release|x86.ActiveCfg = Release|Win32
		{14AF6316-5452-4B47-8122-F517B961CE39}.Release|x86.Build.0 = Release|Win32
		{879C6C76-4C7F-446C-838E-676EE8B1A624}.Debug|x86.ActiveCfg = Debug|Win32
		{879C6C76-4C7F-446C-838E-676EE8B1A624}.Debug|x86.Build.0 = Debug|Win32
		{879C6C76-4C7F-446C-838E-676EE8B1A624}.Release|x86.ActiveCfg = Release|Win32
		{879C6C76-4C7F-446C-838E-676EE8B1A624}.Release|x86.Build.0 = Release|Win32
		{E90E011C-77EA-45C2-80CE-C4D1F26ECD61}.Debug|x86.ActiveCfg = Debug|Win32
		{E90E011C-77EA-45C2-80CE-C4D1F26ECD61}.Debug|x86.Build.0 = Debug|Win32
		{E90E011C-77EA-45C2-80CE-C4D1F26ECD61}.Release|x86.ActiveCfg = Release|Win32
		{E90E011C-77EA-45C2-80CE-C4D1F26ECD61}.Release|x86.Build.0 = Release|Win32
		{065984F5-C5FA-487E-AC04-C4B8E59A612D}.Debug|x86.ActiveCfg = Debug|Win32
		{065984F5-C5FA-487E-AC04-C4B8E59A612D}.Debug|x86.Build.0 = Debug|Win32
		{065984F5-C5FA-487E-AC04-C4B8E59A612D}.Release|x86.ActiveCfg = Release|Win32
		{065984F5-C5FA-487E-AC04-C4B8E59A612D}.Release|x86.Build.0 = Release|Win32
		{A6AD12FC-79E8-4164-8085-0AD26B7664F9}.Debug|x86.ActiveCfg = Debug|Win32
		{A6AD12FC-79E8-4164-8085-0AD26B7664F9}.Debug|x86.Build.0 = Debug|Win32
		{A6AD12FC-79E8-4164-8085-0AD26B7664F9}.Release|x86.ActiveCfg = Release|Win32
		{A6AD12FC-79E8-4164-8085-0AD26B7664F9}.Release|x86.Build.0 = Release|Win32
		{57D981A0-831C-4038-84CE-04E828F490F8}.Debug|x86.ActiveCfg = Debug|Win32
		{57D981A0-831C-4038-84CE-04E828F490F8}.Debug|x86.Build.0 = Debug|Win32
		{57D981A0-831C-4038-84CE-04E828F490F8}.Release|x86.ActiveCfg = Release|Win32
		{57D981A0-831C-4038-84CE-04E828F490F8}.Release|x86.Build.0 = Release|Win32
		{086CED34-4F1D-4FB3-A59A-5D99DA0014A0}.Debug|x86.ActiveCfg = Debug|Win32
		{086CED34-4F1D-4FB3-A59A-5D99DA0014A0}.Debug|x86.Build.0 = Debug|Win32
		{086CED34-4F1D-4FB3-A59A-5D99DA0014A0}.Release|x86.ActiveCfg = Release|Win32
		{086CED34-4F1D-4FB3-A59A-5D99DA0014A0}.Release|x86.Build.0 = Release|Win32
		{AAFB3020-B747-46F4-B6C4-F65A74C70281}.Debug|x86.ActiveCfg = Debug|Win32
		{AAFB3020-B747-46F4-B6C4-F65A74C70281}.Debug|x86.Build.0 = Debug|Win32
		{AAFB3020-B747-46F4-B6C4-F65A74C70281}.Release|x86.ActiveCfg = Release|Win32
		{AAFB3020-B747-46F4-B6C4-F65A74C70281}.Release|x86.Build.0 = Release|Win32
		{F54D8188-CE14-4E58-BD72-FBA4CC36670B}.Debug|x86.ActiveCfg = Debug|Win32
		{F54D8188-CE14-4E58-BD72-FBA4CC36670B}.Debug|x86.Build.0 = Debug|Win32
		{F54D8188-CE14-4E58-BD72-FBA4CC36670B}.Release|x86.ActiveCfg = Release|Win32
		{F54D8188-CE14-4E58-BD72-FBA4CC36670B}.Release|x86.Build.0 = Release|Win32
		{2E9CF691-2D96-47E3-976E-7A9C73EF8776}.Debug|x86.ActiveCfg = Debug|Win32
		{2E9CF691-2D96-47E3-976E-7A9C73EF8776}.Debug|x86.Build.0 = Debug|Win32
		{2E9CF691-2D96-47E3-976E-7A9C73EF8776}.Release|x86.ActiveCfg = Release|Win32
		{2E9CF691-2D96-47E3-976E-7A9C73EF8776}.Release|x86.Build.0 = Release|Win32
		{108DE2B4-7CA4-4F8C-8095-285E0C697AC2}.Debug|x86.ActiveCfg = Debug|Win32
		{108DE2B4-7CA4-4F8C-8095-285E0C697AC2}.Debug|x86.Build.0 = Debug|Win32
		{108DE2B4-7CA4-4F8C-8095-285E0C697AC2}.Release|x86.ActiveCfg = Release|Win32
		{108DE2B4-7CA4-4F8C-8095-285E0C697AC2}.Release|x86.Build.0 = Release|Win32
		{E2830544-A423-446B-8E41-EF738041BF4B}.Debug|x86.ActiveCfg = Debug|Win32
		{E2830544-A423-446B-8E41-EF738041BF4B}.Debug|x86.Build.0 = Debug|Win32
		{E2830544-A423-446B-8E41-EF738041BF4B}.Release|x86.ActiveCfg = Release|Win32
		{E2830544-A423-446B-8E41-EF738041BF4B}.Release|x86.Build.0 = Release|Win32
		{B407E943-DBE2-4B77-A9F2-1ABBA44312A7}.Debug|x86.ActiveCfg = Debug|Win32
		{B407E943-DBE2-4B77-A9F2-1ABBA44312A7}.Debug|x86.Build.0 = Debug|Win32
		{B407E943-DBE2-4B77-A9F2-1ABBA44312A7}.Release|x86.ActiveCfg = Release|Win32
		{B407E943-DBE2-4B77-A9F2-1ABBA44312A7}.Release|x86.Build.0 = Release|Win32
		{5C92B2C5-6926-4FD1-8E8C-2D15F2B2DFFA}.Debug|x86.ActiveCfg = Debug|Win32
		{5C92B2C5-6926-4FD1-8E8C-2D15F2B2DFFA}.Debug|x86.Build.0 = Debug|Win32
		{5C92B2C5-6926-4FD1-8E8C-2D15F2B2DFFA}.Release|x86.ActiveCfg = Release|Win32
		{5C92B2C5-6926-4FD1-8E8C-2D15F2B2DFFA}.Release|x86.Build.0 = Release|Win32
		{276BC12E-D566-419F-9655-48A203154378}.Debug|x86.ActiveCfg = Debug|Win32
		{276BC12E-D566-419F-9655-48A203154378}.Debug|x86.Build.0 = Debug|Win32
		{276BC12E-D566-419F-9655-48A203154378}.Release|x86.ActiveCfg = Release|Win32
		{276BC12E-D566-419F-9655-48A203154378}.Release|x86.Build.0 = Release|Win32
		{A912A947-9DBE-4442-ABC2-347680708634}.Debug|x86.ActiveCfg = Debug|Win32
		{A912A947-9DBE-4442-ABC2-347680708634}.Debug|x86.Build.0 = Debug|Win32
		{A912A947-9DBE-4442-ABC2-347680708634}.Release|x86.ActiveCfg = Release|Win32
		{A912A947-9DBE-4442-ABC2-347680708634}.Release|x86.Build.0 = Release|Win32
		{1C341D4F-34FF-44DE-91B1-EF2780BC4674}.Debug|x86.ActiveCfg = Debug|Win32
		{1C341D4F-34FF-44DE-91B1-EF2780BC4674}.Debug|x86.Build.0 = Debug|Win32
		{1C341D4F-34FF-44DE-91B1-EF2780BC4674}.Release|x86.ActiveCfg = Release|Win32
		{1C341D4F-34FF-44DE-91B1-EF2780BC4674}.Release|x86.Build.0 = Release|Win32
		{F4166326-6DE8-4F8D-92B4-CD884AA02BB7}.Debug|x86.ActiveCfg = Debug|Win32
		{F4166326-6DE8-4F8D-92B4-CD884AA02BB7}.Debug|x86.Build.0 = Debug|Win32
		{F4166326-6DE8-4F8D-92B4-CD884AA02BB7}.Release|x86.ActiveCfg = Release|Win32
		{F4166326-6DE8-4F8D-92B4-CD884AA02BB7}.Release|x86.Build.0 = Release|Win32
		{BBC1278A-4024-4FE9-A998-4B3373B78761}.Debug|x86.ActiveCfg = Debug|Win32
		{BBC1278A-4024-4FE9-A998-4B3373B78761}.Debug|x86.Build.0 = Debug|Win32
		{BBC1278A-4024-4FE9-A998-4B3373B78761}.Release|x86.ActiveCfg = Release|Win32
		{BBC1278A-4024-4FE9-A998-4B3373B78761}.Release|x86.Build.0 = Release|Win32
		{72B98466-1806-4EE7-AE3A-CD966FC79A6C}.Debug|x86.ActiveCfg = Debug|Win32
		{72B98466-1806-4EE7-AE3A-CD966FC79A6C}.Debug|x86.Build.0 = Debug|Win32
		{72B98466-1806-4EE7-AE3A-CD966FC79A6C}.Release|x86.ActiveCfg = Release|Win32
		{72B98466-1806-4EE7-AE3A-CD966FC79A6C}.Release|x86.Build.0 = Release|Win32
		{66B46DE0-118E-44B9-B155-0CF84D763B84}.Debug|x86.ActiveCfg = Debug|Win32
		{66B46DE0-118E-44B9-B155-0CF84D763B84}.Debug|x86.Build.0 = Debug|Win32
		{66B46DE0-118E-44B9-B155-0CF84D763B84}.Release|x86.ActiveCfg = Release|Win32
		{66B46DE0-118E-44B9-B155-0CF84D763B84}.Release|x86.Build.0 = Release|Win32
		{81558271-B52C-4E61-9C5D-CEA7ED5D3913}.Debug|x86.ActiveCfg = Debug|Win32
		{81558271-B52C-4E61-9C5D-CEA7ED5D3913}.Debug|x86.Build.0 = Debug|Win32
		{81558271-B52C-4E61-9C5D-CEA7ED5D3913}.Release|x86.ActiveCfg = Release|Win32
		{81558271-B52C-4E61-9C5D-CEA7ED5D3913}.Release|x86.Build.0 = Release|Win32
		{9D143A6D-B576-4CE3-BBA0-0D104DCE9E7E}.Debug|x86.ActiveCfg = Debug|Win32
		{9D143A6D-B576-4CE3-BBA0-0D104DCE9E7E}.Debug|x86.Build.0 = Debug|Win32
		{9D143A6D-B576-4CE3-BBA0-0D104DCE9E7E}.Release|x86.ActiveCfg = Release|Win32
		{9D143A6D-B576-4CE3-BBA0-0D104DCE9E7E}.Release|x86.Build.0 = Release|Win32
		{5225B258-8502-4EBC-AF87-0CA8DFB9AF8C}.Debug|x86.ActiveCfg = Debug|Win32
		{5225B258-8502-4EBC-AF87-0CA8DFB9AF8C}.Debug|x86.Build.0 = Debug|Win32
		{5225B258-8502-4EBC-AF87-0CA8DFB9AF8C}.Release|x86.ActiveCfg = Release|Win32
		{5225B258-8502-4EBC-AF87-0CA8DFB9AF8C}.Release|x86.Build.0 = Release|Win32
		{99BBCBAC-E8E1-4A03-BC4F-B940EAE00B35}.Debug|x86.ActiveCfg = Debug|Win32
		{99BBCBAC-E8E1-4A03-BC4F-B940EAE00B35}.Debug|x86.Build.0 = Debug|Win32
		{99BBCBAC-E8E1-4A03-BC4F-B940EAE00B35}.Release|x86.ActiveCfg = Release|Win32
		{99BBCBAC-E8E1-4A03-BC4F-B940EAE00B35}.Release|x86.Build.0 = Release|Win32
		{2D08DD94-A64E-4E42-AB04-545F42F71CC3}.Debug|x86.ActiveCfg = Debug|Win32
		{2D08DD94-A64E-4E42-AB04-545F42F71CC3}.Debug|x86.Build.0 = Debug|Win32
		{2D08DD94-A64E-4E42-AB04-545F42F71CC3}.Release|x86.ActiveCfg = Release|Win32
		{2D08DD94-A64E-4E42-AB04-545F42F71CC3}.Release|x86.Build.0 = Release|Win32
		{2710D1FA-B65D-4470-9D11-C64A08C88262}.Debug|x86.ActiveCfg = Debug|Win32
		{2710D1FA-B65D-4470-9D11-C64A08C88262}.Debug|x86.Build.0 = Debug|Win32
		{2710D1FA-B65D-4470-9D11-C64A08C88262}.Release|x86.ActiveCfg = Release|Win32
		{2710D1FA-B65D-4470-9D11-C64A08C88262}.Release|x86.Build.0 = Release|Win32
		{D5B02C52-13F0-4945-8D24-801C2513E8AD}.Debug|x86.ActiveCfg = Debug|Win32
		{D5B02C52-13F0-4945-8D24-801C2513E8AD}.Debug|x86.Build.0 = Debug|Win32
		{D5B02C52-13F0-4945-8D24-801C2513E8AD}.Release|x86.ActiveCfg = Release|Win32
		{D5B02C52-13F0-4945-8D24-801C2513E8AD}.Release|x86.Build.0 = Release|Win32
		{8C82608C-3CD1-4A4F-92C6-6A2AF5426128}.Debug|x86.ActiveCfg = Debug|Win32
		{8C82608C-3CD1-4A4F-92C6-6A2AF5426128}.Debug|x86.Build.0 = Debug|Win32
		{8C82608C-3CD1-4A4F-92C6-6A2AF5426128}.Release|x86.ActiveCfg = Release|Win32
		{8C82608C-3CD1-4A4F-92C6-6A2AF5426128}.Release|x86.Build.0 = Release|Win32
		{D7E9A9D2-7AD5-4CBC-95CE-12832CF226E5}.Debug|x86.ActiveCfg = Debug|Win32
		{D7E9A9D2-7AD5-4CBC-95CE-12832CF226E5}.Debug|x86.Build.0 = Debug|Win32
		{D7E9A9D2-7AD5-4CBC-95CE-12832CF226E5}.Release|x86.ActiveCfg = Release|Win32
		{D7E9A9D2-7AD5-4CBC-95CE-12832CF226E5}.Release|x86.Build.0 = Release|Win32
		{5D9A66EA-1598-4267-94FD-7D1A85ABCAD4}.Debug|x86.ActiveCfg = Debug|Win32
		{5D9A66EA-1598-4267-94FD-7D1A85ABCAD4}.Debug|x86.Build.0 = Debug|Win32
		{5D9A66EA-1598-4267-94FD-7D1A85ABCAD4}.Release|x86.ActiveCfg = Release|Win32
		{5D9A66EA-1598-4267-94FD-7D1A85ABCAD4}.Release|x86.Build.0 = Release|Win32
		{3BAFB2AF-B5D8-4A27-90F2-975F36D49005}.Debug|x86.ActiveCfg = Debug|Win32
		{3BAFB2AF-B5D8-4A27-90F2-975F36D49005}.Debug|x86.Build.0 = Debug|Win32
		{3BAFB2AF-B5D8-4A27-90F2-975F36D49005}.Release|x86.ActiveCfg = Release|Win32
		{3BAFB2AF-B5D8-4A27-90F2-975F36D49005}.Release|x86.Build.0 = Release|Win32
		{13CD4D9E-A6AE-49F9-B6D6-550532FDED6E}.Debug|x86.ActiveCfg = Debug|Win32
		{13CD4D9E-A6AE-49F9-B6D6-550532FDED6E}.Debug|x86.Build.0 = Debug|Win32
		{13CD4D9E-A6AE-49F9-B6D6-550532FDED6E}.Release|x86.ActiveCfg = Release|Win32
		{13CD4D9E-A6AE-49F9-B6D6-550532FDED6E}.Release|x86.Build.0 = Release|Win32
		{C4271088-5D94-4CEE-B7F9-8908E9E1D3C1}.Debug|x86.ActiveCfg = Debug|Win32
		{C4271088-5D94-4CEE-B7F9-8908E9E1D3C1}.Debug|x86.Build.0 = Debug|Win32
		{C4271088-5D94-4CEE-B7F9-8908E9E1D3C1}.Release|x86.ActiveCfg = Release|Win32
		{C4271088-5D94-4CEE-B7F9-8908E9E1D3C1}.Release|x86.Build.0 = Release|Win32
		{6B4B0F9D-497A-4604-AE00-C0C40D172FFC}.Debug|x86.ActiveCfg = Debug|Win32
		{6B4B0F9D-497A-4604-AE00-C0C40D172FFC}.Debug|x86.Build.0 = Debug|Win32
		{6B4B0F9D-497A-4604-AE00-C0C40D172FFC}.Release|x86.ActiveCfg = Release|Win32
		{6B4B0F9D-497A-4604-AE00-C0C40D172FFC}.Release|x86.Build.0 = Release|Win32
		{D64C9D2D-CDAA-4984-8E3C-5DE7AC883EFB}.Debug|x86.ActiveCfg = Debug|Win32
		{D64C9D2D-CDAA-4984-8E3C-5DE7AC883EFB}.Debug|x86.Build.0 = Debug|Win32
		{D64C9D2D-CDAA-4984-8E3C-5DE7AC883EFB}.Release|x86.ActiveCfg = Release|Win32
		{D64C9D2D-CDAA-4984-8E3C-5DE7AC883EFB}.Release|x86.Build.0 = Release|Win32
	EndGlobalSection
	GlobalSection(SolutionProperties) = preSolution
		HideSolutionNode = FALSE
	EndGlobalSection
	GlobalSection(NestedProjects) = preSolution
		{A674A8B3-D3A4-4F6A-B904-6DD1F6E6F725} = {DDE67CFB-F4BF-45A1-8A81-169E9989D516}
		{FA12657D-D8A0-41F5-8FB0-D1031C586229} = {32B98D9B-90DE-400C-BECD-5D3C8B70DA64}
		{FC236736-76AC-40A9-BFEF-3ECB6DB084C8} = {50C046B1-26B9-421E-9D0D-F1DD70C641D7}
		{0A97ECD7-0580-4FCF-9FA0-C406EAC3642B} = {50C046B1-26B9-421E-9D0D-F1DD70C641D7}
		{E46C7A77-C962-4B50-A284-335DA30C5257} = {50C046B1-26B9-421E-9D0D-F1DD70C641D7}
		{EF9B5E00-F5D5-4EA6-9B4C-8C8149983517} = {86AAB188-8116-48FF-8BEF-CAB54B4AB43F}
		{EB4EFF92-BCF0-4EFA-8627-E6A734432D48} = {6F09FEC6-7196-4333-9123-3685CDB22D38}
		{B6CF8B43-C43C-47BA-90E1-37EC6CFE55E7} = {86AAB188-8116-48FF-8BEF-CAB54B4AB43F}
		{48D6CADA-6217-4916-AD17-63B8A4C9C148} = {6F09FEC6-7196-4333-9123-3685CDB22D38}
		{5A72A3FE-A1F4-41B2-9536-C6AB5799239A} = {6F09FEC6-7196-4333-9123-3685CDB22D38}
		{83AB0DD1-74D5-42E7-85D2-9230D8808B86} = {86AAB188-8116-48FF-8BEF-CAB54B4AB43F}
		{C650103F-B106-463E-86F1-244C0EDBAA3F} = {6F09FEC6-7196-4333-9123-3685CDB22D38}
		{66A83499-3193-4CA2-ADD3-7696ED6BAD0A} = {86AAB188-8116-48FF-8BEF-CAB54B4AB43F}
		{7EDBEED8-75ED-48EE-9F13-5D4A895E8F1B} = {4C2ECE37-DEE4-482D-ACDE-69E48FE5C512}
		{727F318B-4763-4342-ABBB-C67641D8FE4E} = {00ADDF49-649E-4B4E-A922-C953A58185A6}
		{AD76B662-C255-4CFE-9229-DF58E7BFFAFD} = {00ADDF49-649E-4B4E-A922-C953A58185A6}
		{D8E23560-A95A-4900-A54A-283CD3245D56} = {C1E7C3DD-4C34-4D7D-85B6-B42165E641E6}
		{9C1C29E0-8610-4F8F-AD01-67BCAE384432} = {C1E7C3DD-4C34-4D7D-85B6-B42165E641E6}
		{061E1860-8924-4CC2-B419-FA41BA6E87FD} = {C1E7C3DD-4C34-4D7D-85B6-B42165E641E6}
		{D5AE5ECD-E0DF-4AA9-AABD-4A1251B4E737} = {C1E7C3DD-4C34-4D7D-85B6-B42165E641E6}
		{B746CCB1-1A5E-4E50-816B-C3A37860DD3D} = {C1E7C3DD-4C34-4D7D-85B6-B42165E641E6}
		{1BFF6BFB-D00D-4F96-B020-D7C425E8F7B3} = {9337B389-DD5A-4531-894A-DD21688D95C3}
		{98333490-40F1-4CFC-8CAF-7530E453A4DA} = {9337B389-DD5A-4531-894A-DD21688D95C3}
		{263BA301-4346-4B29-B75C-2EE5AAD4623A} = {9337B389-DD5A-4531-894A-DD21688D95C3}
		{5B59F085-E1A3-4C77-9F20-093E6960828A} = {9337B389-DD5A-4531-894A-DD21688D95C3}
		{A0E267DE-259A-4E3D-AA3E-8F467A324742} = {76C214D7-3D6D-41DD-9AB3-FCDA5C6DB05F}
		{1E343B91-1FF2-4B25-9933-4196E72728B9} = {76C214D7-3D6D-41DD-9AB3-FCDA5C6DB05F}
		{2FB1D1D3-8A18-4F14-81DF-9FB74A8C6B0E} = {76C214D7-3D6D-41DD-9AB3-FCDA5C6DB05F}
		{C6F32713-AA2D-4BEA-BD1D-4CEE085DE74B} = {00ADDF49-649E-4B4E-A922-C953A58185A6}
		{6D0989C5-1CB4-4452-BB1C-FFA04CFE9586} = {76C214D7-3D6D-41DD-9AB3-FCDA5C6DB05F}
		{43402CC6-B0E7-43D8-8DF3-9FD9E13FA148} = {00ADDF49-649E-4B4E-A922-C953A58185A6}
		{54406AC3-0D84-4564-9C24-48C5634A2D76} = {6F09FEC6-7196-4333-9123-3685CDB22D38}
		{3A24BA02-A2B8-42AF-9FE5-74CE09710757} = {86AAB188-8116-48FF-8BEF-CAB54B4AB43F}
		{32B98D9B-90DE-400C-BECD-5D3C8B70DA64} = {1B431B5C-2C15-4F4D-9452-CF92F054A1ED}
		{50C046B1-26B9-421E-9D0D-F1DD70C641D7} = {1B431B5C-2C15-4F4D-9452-CF92F054A1ED}
		{C1E7C3DD-4C34-4D7D-85B6-B42165E641E6} = {1B431B5C-2C15-4F4D-9452-CF92F054A1ED}
		{9337B389-DD5A-4531-894A-DD21688D95C3} = {1B431B5C-2C15-4F4D-9452-CF92F054A1ED}
		{76C214D7-3D6D-41DD-9AB3-FCDA5C6DB05F} = {1B431B5C-2C15-4F4D-9452-CF92F054A1ED}
		{00ADDF49-649E-4B4E-A922-C953A58185A6} = {1B431B5C-2C15-4F4D-9452-CF92F054A1ED}
		{871A38A8-C5CF-4A51-8AB5-1AB2B45B852E} = {1B431B5C-2C15-4F4D-9452-CF92F054A1ED}
		{42A9662D-BE84-4C33-9424-63B0F9708E47} = {871A38A8-C5CF-4A51-8AB5-1AB2B45B852E}
		{5F339F92-9137-49F5-9908-E73222440399} = {871A38A8-C5CF-4A51-8AB5-1AB2B45B852E}
		{F1BA9A66-C0A6-4BC5-84B2-48FEEE467E7F} = {871A38A8-C5CF-4A51-8AB5-1AB2B45B852E}
		{9A74D1E3-B8C3-4DF6-B077-6E04AA08813F} = {6F09FEC6-7196-4333-9123-3685CDB22D38}
		{A89D2724-45E7-4585-A2E7-07C82DC69ABC} = {86AAB188-8116-48FF-8BEF-CAB54B4AB43F}
		{5F855E54-1E3C-4F12-B846-4287AF90C503} = {6F09FEC6-7196-4333-9123-3685CDB22D38}
		{5DF375F8-3ED2-46A8-931E-07A1140BC3DE} = {86AAB188-8116-48FF-8BEF-CAB54B4AB43F}
		{5D697A64-124D-4417-B99C-4BD66B8BB690} = {1B431B5C-2C15-4F4D-9452-CF92F054A1ED}
		{FC55E2F8-9849-4610-8765-3D29D80FF78C} = {871A38A8-C5CF-4A51-8AB5-1AB2B45B852E}
		{14AF6316-5452-4B47-8122-F517B961CE39} = {871A38A8-C5CF-4A51-8AB5-1AB2B45B852E}
		{879C6C76-4C7F-446C-838E-676EE8B1A624} = {5D697A64-124D-4417-B99C-4BD66B8BB690}
		{E90E011C-77EA-45C2-80CE-C4D1F26ECD61} = {5D697A64-124D-4417-B99C-4BD66B8BB690}
		{065984F5-C5FA-487E-AC04-C4B8E59A612D} = {C355AE28-2EAA-435C-A1A0-0211B1C621EE}
		{5C98C126-BD5F-4DB1-9A5A-39BA04EF8F28} = {1B431B5C-2C15-4F4D-9452-CF92F054A1ED}
		{A6AD12FC-79E8-4164-8085-0AD26B7664F9} = {5C98C126-BD5F-4DB1-9A5A-39BA04EF8F28}
		{57D981A0-831C-4038-84CE-04E828F490F8} = {5C98C126-BD5F-4DB1-9A5A-39BA04EF8F28}
		{086CED34-4F1D-4FB3-A59A-5D99DA0014A0} = {5C98C126-BD5F-4DB1-9A5A-39BA04EF8F28}
		{AAFB3020-B747-46F4-B6C4-F65A74C70281} = {5C98C126-BD5F-4DB1-9A5A-39BA04EF8F28}
		{F54D8188-CE14-4E58-BD72-FBA4CC36670B} = {6F09FEC6-7196-4333-9123-3685CDB22D38}
		{6F09FEC6-7196-4333-9123-3685CDB22D38} = {86AAB188-8116-48FF-8BEF-CAB54B4AB43F}
		{2E9CF691-2D96-47E3-976E-7A9C73EF8776} = {86AAB188-8116-48FF-8BEF-CAB54B4AB43F}
		{108DE2B4-7CA4-4F8C-8095-285E0C697AC2} = {5C98C126-BD5F-4DB1-9A5A-39BA04EF8F28}
		{E2830544-A423-446B-8E41-EF738041BF4B} = {5C98C126-BD5F-4DB1-9A5A-39BA04EF8F28}
		{B407E943-DBE2-4B77-A9F2-1ABBA44312A7} = {6F09FEC6-7196-4333-9123-3685CDB22D38}
		{5C92B2C5-6926-4FD1-8E8C-2D15F2B2DFFA} = {86AAB188-8116-48FF-8BEF-CAB54B4AB43F}
		{FC1378EF-1DA5-489F-888B-DB9C3628A8B0} = {1B431B5C-2C15-4F4D-9452-CF92F054A1ED}
		{276BC12E-D566-419F-9655-48A203154378} = {FC1378EF-1DA5-489F-888B-DB9C3628A8B0}
		{A912A947-9DBE-4442-ABC2-347680708634} = {4C2ECE37-DEE4-482D-ACDE-69E48FE5C512}
		{3537F289-53D8-4AAF-8523-03BEDBFB21DE} = {1B431B5C-2C15-4F4D-9452-CF92F054A1ED}
		{1C341D4F-34FF-44DE-91B1-EF2780BC4674} = {3537F289-53D8-4AAF-8523-03BEDBFB21DE}
		{F4166326-6DE8-4F8D-92B4-CD884AA02BB7} = {3537F289-53D8-4AAF-8523-03BEDBFB21DE}
		{BBC1278A-4024-4FE9-A998-4B3373B78761} = {3537F289-53D8-4AAF-8523-03BEDBFB21DE}
		{72B98466-1806-4EE7-AE3A-CD966FC79A6C} = {3537F289-53D8-4AAF-8523-03BEDBFB21DE}
		{66B46DE0-118E-44B9-B155-0CF84D763B84} = {3537F289-53D8-4AAF-8523-03BEDBFB21DE}
		{81558271-B52C-4E61-9C5D-CEA7ED5D3913} = {6F09FEC6-7196-4333-9123-3685CDB22D38}
		{9D143A6D-B576-4CE3-BBA0-0D104DCE9E7E} = {86AAB188-8116-48FF-8BEF-CAB54B4AB43F}
		{5225B258-8502-4EBC-AF87-0CA8DFB9AF8C} = {4C2ECE37-DEE4-482D-ACDE-69E48FE5C512}
		{99BBCBAC-E8E1-4A03-BC4F-B940EAE00B35} = {C355AE28-2EAA-435C-A1A0-0211B1C621EE}
		{2D08DD94-A64E-4E42-AB04-545F42F71CC3} = {6F09FEC6-7196-4333-9123-3685CDB22D38}
		{7E37D0CA-8267-4F91-9044-3D0323F21AD3} = {1B431B5C-2C15-4F4D-9452-CF92F054A1ED}
		{2710D1FA-B65D-4470-9D11-C64A08C88262} = {7E37D0CA-8267-4F91-9044-3D0323F21AD3}
		{D5B02C52-13F0-4945-8D24-801C2513E8AD} = {86AAB188-8116-48FF-8BEF-CAB54B4AB43F}
		{8C82608C-3CD1-4A4F-92C6-6A2AF5426128} = {86AAB188-8116-48FF-8BEF-CAB54B4AB43F}
		{D7E9A9D2-7AD5-4CBC-95CE-12832CF226E5} = {4C2ECE37-DEE4-482D-ACDE-69E48FE5C512}
		{5D9A66EA-1598-4267-94FD-7D1A85ABCAD4} = {5F5CD9CE-1806-4281-B0C0-0F440CFFF8C1}
		{3BAFB2AF-B5D8-4A27-90F2-975F36D49005} = {5F5CD9CE-1806-4281-B0C0-0F440CFFF8C1}
		{13CD4D9E-A6AE-49F9-B6D6-550532FDED6E} = {5F5CD9CE-1806-4281-B0C0-0F440CFFF8C1}
		{C4271088-5D94-4CEE-B7F9-8908E9E1D3C1} = {5F5CD9CE-1806-4281-B0C0-0F440CFFF8C1}
		{5F5CD9CE-1806-4281-B0C0-0F440CFFF8C1} = {1B431B5C-2C15-4F4D-9452-CF92F054A1ED}
		{6B4B0F9D-497A-4604-AE00-C0C40D172FFC} = {86AAB188-8116-48FF-8BEF-CAB54B4AB43F}
		{D64C9D2D-CDAA-4984-8E3C-5DE7AC883EFB} = {4C2ECE37-DEE4-482D-ACDE-69E48FE5C512}
	EndGlobalSection
	GlobalSection(ExtensibilityGlobals) = postSolution
		SolutionGuid = {C1308D28-F0EE-436B-AA0D-4CFD1105C92A}
	EndGlobalSection
EndGlobal
